// !$*UTF8*$!
{
	archiveVersion = 1;
	classes = {
	};
	objectVersion = 50;
	objects = {

/* Begin PBXBuildFile section */
		CCA932B02696874700EEA901 /* AboutViewController.swift in Sources */ = {isa = PBXBuildFile; fileRef = CCA932AF2696874700EEA901 /* AboutViewController.swift */; };
		CCDE22BE2695395800A57E0A /* AppDelegate.swift in Sources */ = {isa = PBXBuildFile; fileRef = CCDE22BD2695395800A57E0A /* AppDelegate.swift */; };
		CCDE22C02695395800A57E0A /* SceneDelegate.swift in Sources */ = {isa = PBXBuildFile; fileRef = CCDE22BF2695395800A57E0A /* SceneDelegate.swift */; };
		CCDE22C22695395800A57E0A /* ViewController.swift in Sources */ = {isa = PBXBuildFile; fileRef = CCDE22C12695395800A57E0A /* ViewController.swift */; };
		CCDE22C52695395800A57E0A /* Main.storyboard in Resources */ = {isa = PBXBuildFile; fileRef = CCDE22C32695395800A57E0A /* Main.storyboard */; };
		CCDE22C72695395A00A57E0A /* Assets.xcassets in Resources */ = {isa = PBXBuildFile; fileRef = CCDE22C62695395A00A57E0A /* Assets.xcassets */; };
		CCDE22CA2695395A00A57E0A /* LaunchScreen.storyboard in Resources */ = {isa = PBXBuildFile; fileRef = CCDE22C82695395A00A57E0A /* LaunchScreen.storyboard */; };
		CCE5D1AA26968DD00018AE1E /* BullsEye.html in Resources */ = {isa = PBXBuildFile; fileRef = CCE5D1A926968DD00018AE1E /* BullsEye.html */; };
/* End PBXBuildFile section */

/* Begin PBXFileReference section */
		CCA932AF2696874700EEA901 /* AboutViewController.swift */ = {isa = PBXFileReference; lastKnownFileType = sourcecode.swift; path = AboutViewController.swift; sourceTree = "<group>"; };
		CCDE22BA2695395800A57E0A /* Hit me.app */ = {isa = PBXFileReference; explicitFileType = wrapper.application; includeInIndex = 0; path = "Hit me.app"; sourceTree = BUILT_PRODUCTS_DIR; };
		CCDE22BD2695395800A57E0A /* AppDelegate.swift */ = {isa = PBXFileReference; lastKnownFileType = sourcecode.swift; path = AppDelegate.swift; sourceTree = "<group>"; };
		CCDE22BF2695395800A57E0A /* SceneDelegate.swift */ = {isa = PBXFileReference; lastKnownFileType = sourcecode.swift; path = SceneDelegate.swift; sourceTree = "<group>"; };
		CCDE22C12695395800A57E0A /* ViewController.swift */ = {isa = PBXFileReference; lastKnownFileType = sourcecode.swift; path = ViewController.swift; sourceTree = "<group>"; };
		CCDE22C42695395800A57E0A /* Base */ = {isa = PBXFileReference; lastKnownFileType = file.storyboard; name = Base; path = Base.lproj/Main.storyboard; sourceTree = "<group>"; };
		CCDE22C62695395A00A57E0A /* Assets.xcassets */ = {isa = PBXFileReference; lastKnownFileType = folder.assetcatalog; path = Assets.xcassets; sourceTree = "<group>"; };
		CCDE22C92695395A00A57E0A /* Base */ = {isa = PBXFileReference; lastKnownFileType = file.storyboard; name = Base; path = Base.lproj/LaunchScreen.storyboard; sourceTree = "<group>"; };
		CCDE22CB2695395A00A57E0A /* Info.plist */ = {isa = PBXFileReference; lastKnownFileType = text.plist.xml; path = Info.plist; sourceTree = "<group>"; };
		CCE5D1A926968DD00018AE1E /* BullsEye.html */ = {isa = PBXFileReference; fileEncoding = 4; lastKnownFileType = text.html; path = BullsEye.html; sourceTree = "<group>"; };
/* End PBXFileReference section */

/* Begin PBXFrameworksBuildPhase section */
		CCDE22B72695395800A57E0A /* Frameworks */ = {
			isa = PBXFrameworksBuildPhase;
			buildActionMask = 2147483647;
			files = (
			);
			runOnlyForDeploymentPostprocessing = 0;
		};
/* End PBXFrameworksBuildPhase section */

/* Begin PBXGroup section */
		CCDE22B12695395800A57E0A = {
			isa = PBXGroup;
			children = (
				CCDE22BC2695395800A57E0A /* Hit me */,
				CCDE22BB2695395800A57E0A /* Products */,
			);
			sourceTree = "<group>";
		};
		CCDE22BB2695395800A57E0A /* Products */ = {
			isa = PBXGroup;
			children = (
				CCDE22BA2695395800A57E0A /* Hit me.app */,
			);
			name = Products;
			sourceTree = "<group>";
		};
		CCDE22BC2695395800A57E0A /* Hit me */ = {
			isa = PBXGroup;
			children = (
				CCE5D1A926968DD00018AE1E /* BullsEye.html */,
				CCDE22BD2695395800A57E0A /* AppDelegate.swift */,
				CCDE22BF2695395800A57E0A /* SceneDelegate.swift */,
				CCDE22C12695395800A57E0A /* ViewController.swift */,
				CCA932AF2696874700EEA901 /* AboutViewController.swift */,
				CCDE22C32695395800A57E0A /* Main.storyboard */,
				CCDE22C62695395A00A57E0A /* Assets.xcassets */,
				CCDE22C82695395A00A57E0A /* LaunchScreen.storyboard */,
				CCDE22CB2695395A00A57E0A /* Info.plist */,
			);
			path = "Hit me";
			sourceTree = "<group>";
		};
/* End PBXGroup section */

/* Begin PBXNativeTarget section */
		CCDE22B92695395800A57E0A /* Hit me */ = {
			isa = PBXNativeTarget;
			buildConfigurationList = CCDE22CE2695395A00A57E0A /* Build configuration list for PBXNativeTarget "Hit me" */;
			buildPhases = (
				CCDE22B62695395800A57E0A /* Sources */,
				CCDE22B72695395800A57E0A /* Frameworks */,
				CCDE22B82695395800A57E0A /* Resources */,
			);
			buildRules = (
			);
			dependencies = (
			);
			name = "Hit me";
			productName = "Hit me";
			productReference = CCDE22BA2695395800A57E0A /* Hit me.app */;
			productType = "com.apple.product-type.application";
		};
/* End PBXNativeTarget section */

/* Begin PBXProject section */
		CCDE22B22695395800A57E0A /* Project object */ = {
			isa = PBXProject;
			attributes = {
				LastSwiftUpdateCheck = 1250;
				LastUpgradeCheck = 1250;
				TargetAttributes = {
					CCDE22B92695395800A57E0A = {
						CreatedOnToolsVersion = 12.5.1;
					};
				};
			};
			buildConfigurationList = CCDE22B52695395800A57E0A /* Build configuration list for PBXProject "Hit me" */;
			compatibilityVersion = "Xcode 9.3";
			developmentRegion = en;
			hasScannedForEncodings = 0;
			knownRegions = (
				en,
				Base,
			);
			mainGroup = CCDE22B12695395800A57E0A;
			productRefGroup = CCDE22BB2695395800A57E0A /* Products */;
			projectDirPath = "";
			projectRoot = "";
			targets = (
				CCDE22B92695395800A57E0A /* Hit me */,
			);
		};
/* End PBXProject section */

/* Begin PBXResourcesBuildPhase section */
		CCDE22B82695395800A57E0A /* Resources */ = {
			isa = PBXResourcesBuildPhase;
			buildActionMask = 2147483647;
			files = (
				CCDE22CA2695395A00A57E0A /* LaunchScreen.storyboard in Resources */,
				CCE5D1AA26968DD00018AE1E /* BullsEye.html in Resources */,
				CCDE22C72695395A00A57E0A /* Assets.xcassets in Resources */,
				CCDE22C52695395800A57E0A /* Main.storyboard in Resources */,
			);
			runOnlyForDeploymentPostprocessing = 0;
		};
/* End PBXResourcesBuildPhase section */

/* Begin PBXSourcesBuildPhase section */
		CCDE22B62695395800A57E0A /* Sources */ = {
			isa = PBXSourcesBuildPhase;
			buildActionMask = 2147483647;
			files = (
				CCDE22C22695395800A57E0A /* ViewController.swift in Sources */,
				CCDE22BE2695395800A57E0A /* AppDelegate.swift in Sources */,
				CCA932B02696874700EEA901 /* AboutViewController.swift in Sources */,
				CCDE22C02695395800A57E0A /* SceneDelegate.swift in Sources */,
			);
			runOnlyForDeploymentPostprocessing = 0;
		};
/* End PBXSourcesBuildPhase section */

/* Begin PBXVariantGroup section */
		CCDE22C32695395800A57E0A /* Main.storyboard */ = {
			isa = PBXVariantGroup;
			children = (
				CCDE22C42695395800A57E0A /* Base */,
			);
			name = Main.storyboard;
			sourceTree = "<group>";
		};
		CCDE22C82695395A00A57E0A /* LaunchScreen.storyboard */ = {
			isa = PBXVariantGroup;
			children = (
				CCDE22C92695395A00A57E0A /* Base */,
			);
			name = LaunchScreen.storyboard;
			sourceTree = "<group>";
		};
/* End PBXVariantGroup section */

/* Begin XCBuildConfiguration section */
		CCDE22CC2695395A00A57E0A /* Debug */ = {
			isa = XCBuildConfiguration;
			buildSettings = {
				ALWAYS_SEARCH_USER_PATHS = NO;
				CLANG_ANALYZER_NONNULL = YES;
				CLANG_ANALYZER_NUMBER_OBJECT_CONVERSION = YES_AGGRESSIVE;
				CLANG_CXX_LANGUAGE_STANDARD = "gnu++14";
				CLANG_CXX_LIBRARY = "libc++";
				CLANG_ENABLE_MODULES = YES;
				CLANG_ENABLE_OBJC_ARC = YES;
				CLANG_ENABLE_OBJC_WEAK = YES;
				CLANG_WARN_BLOCK_CAPTURE_AUTORELEASING = YES;
				CLANG_WARN_BOOL_CONVERSION = YES;
				CLANG_WARN_COMMA = YES;
				CLANG_WARN_CONSTANT_CONVERSION = YES;
				CLANG_WARN_DEPRECATED_OBJC_IMPLEMENTATIONS = YES;
				CLANG_WARN_DIRECT_OBJC_ISA_USAGE = YES_ERROR;
				CLANG_WARN_DOCUMENTATION_COMMENTS = YES;
				CLANG_WARN_EMPTY_BODY = YES;
				CLANG_WARN_ENUM_CONVERSION = YES;
				CLANG_WARN_INFINITE_RECURSION = YES;
				CLANG_WARN_INT_CONVERSION = YES;
				CLANG_WARN_NON_LITERAL_NULL_CONVERSION = YES;
				CLANG_WARN_OBJC_IMPLICIT_RETAIN_SELF = YES;
				CLANG_WARN_OBJC_LITERAL_CONVERSION = YES;
				CLANG_WARN_OBJC_ROOT_CLASS = YES_ERROR;
				CLANG_WARN_QUOTED_INCLUDE_IN_FRAMEWORK_HEADER = YES;
				CLANG_WARN_RANGE_LOOP_ANALYSIS = YES;
				CLANG_WARN_STRICT_PROTOTYPES = YES;
				CLANG_WARN_SUSPICIOUS_MOVE = YES;
				CLANG_WARN_UNGUARDED_AVAILABILITY = YES_AGGRESSIVE;
				CLANG_WARN_UNREACHABLE_CODE = YES;
				CLANG_WARN__DUPLICATE_METHOD_MATCH = YES;
				COPY_PHASE_STRIP = NO;
				DEBUG_INFORMATION_FORMAT = dwarf;
				ENABLE_STRICT_OBJC_MSGSEND = YES;
				ENABLE_TESTABILITY = YES;
				GCC_C_LANGUAGE_STANDARD = gnu11;
				GCC_DYNAMIC_NO_PIC = NO;
				GCC_NO_COMMON_BLOCKS = YES;
				GCC_OPTIMIZATION_LEVEL = 0;
				GCC_PREPROCESSOR_DEFINITIONS = (
					"DEBUG=1",
					"$(inherited)",
				);
				GCC_WARN_64_TO_32_BIT_CONVERSION = YES;
				GCC_WARN_ABOUT_RETURN_TYPE = YES_ERROR;
				GCC_WARN_UNDECLARED_SELECTOR = YES;
				GCC_WARN_UNINITIALIZED_AUTOS = YES_AGGRESSIVE;
				GCC_WARN_UNUSED_FUNCTION = YES;
				GCC_WARN_UNUSED_VARIABLE = YES;
				IPHONEOS_DEPLOYMENT_TARGET = 14.5;
				MTL_ENABLE_DEBUG_INFO = INCLUDE_SOURCE;
				MTL_FAST_MATH = YES;
				ONLY_ACTIVE_ARCH = YES;
				SDKROOT = iphoneos;
				SWIFT_ACTIVE_COMPILATION_CONDITIONS = DEBUG;
				SWIFT_OPTIMIZATION_LEVEL = "-Onone";
			};
			name = Debug;
		};
		CCDE22CD2695395A00A57E0A /* Release */ = {
			isa = XCBuildConfiguration;
			buildSettings = {
				ALWAYS_SEARCH_USER_PATHS = NO;
				CLANG_ANALYZER_NONNULL = YES;
				CLANG_ANALYZER_NUMBER_OBJECT_CONVERSION = YES_AGGRESSIVE;
				CLANG_CXX_LANGUAGE_STANDARD = "gnu++14";
				CLANG_CXX_LIBRARY = "libc++";
				CLANG_ENABLE_MODULES = YES;
				CLANG_ENABLE_OBJC_ARC = YES;
				CLANG_ENABLE_OBJC_WEAK = YES;
				CLANG_WARN_BLOCK_CAPTURE_AUTORELEASING = YES;
				CLANG_WARN_BOOL_CONVERSION = YES;
				CLANG_WARN_COMMA = YES;
				CLANG_WARN_CONSTANT_CONVERSION = YES;
				CLANG_WARN_DEPRECATED_OBJC_IMPLEMENTATIONS = YES;
				CLANG_WARN_DIRECT_OBJC_ISA_USAGE = YES_ERROR;
				CLANG_WARN_DOCUMENTATION_COMMENTS = YES;
				CLANG_WARN_EMPTY_BODY = YES;
				CLANG_WARN_ENUM_CONVERSION = YES;
				CLANG_WARN_INFINITE_RECURSION = YES;
				CLANG_WARN_INT_CONVERSION = YES;
				CLANG_WARN_NON_LITERAL_NULL_CONVERSION = YES;
				CLANG_WARN_OBJC_IMPLICIT_RETAIN_SELF = YES;
				CLANG_WARN_OBJC_LITERAL_CONVERSION = YES;
				CLANG_WARN_OBJC_ROOT_CLASS = YES_ERROR;
				CLANG_WARN_QUOTED_INCLUDE_IN_FRAMEWORK_HEADER = YES;
				CLANG_WARN_RANGE_LOOP_ANALYSIS = YES;
				CLANG_WARN_STRICT_PROTOTYPES = YES;
				CLANG_WARN_SUSPICIOUS_MOVE = YES;
				CLANG_WARN_UNGUARDED_AVAILABILITY = YES_AGGRESSIVE;
				CLANG_WARN_UNREACHABLE_CODE = YES;
				CLANG_WARN__DUPLICATE_METHOD_MATCH = YES;
				COPY_PHASE_STRIP = NO;
				DEBUG_INFORMATION_FORMAT = "dwarf-with-dsym";
				ENABLE_NS_ASSERTIONS = NO;
				ENABLE_STRICT_OBJC_MSGSEND = YES;
				GCC_C_LANGUAGE_STANDARD = gnu11;
				GCC_NO_COMMON_BLOCKS = YES;
				GCC_WARN_64_TO_32_BIT_CONVERSION = YES;
				GCC_WARN_ABOUT_RETURN_TYPE = YES_ERROR;
				GCC_WARN_UNDECLARED_SELECTOR = YES;
				GCC_WARN_UNINITIALIZED_AUTOS = YES_AGGRESSIVE;
				GCC_WARN_UNUSED_FUNCTION = YES;
				GCC_WARN_UNUSED_VARIABLE = YES;
				IPHONEOS_DEPLOYMENT_TARGET = 14.5;
				MTL_ENABLE_DEBUG_INFO = NO;
				MTL_FAST_MATH = YES;
				SDKROOT = iphoneos;
				SWIFT_COMPILATION_MODE = wholemodule;
				SWIFT_OPTIMIZATION_LEVEL = "-O";
				VALIDATE_PRODUCT = YES;
			};
			name = Release;
		};
		CCDE22CF2695395A00A57E0A /* Debug */ = {
			isa = XCBuildConfiguration;
			buildSettings = {
				ASSETCATALOG_COMPILER_APPICON_NAME = AppIcon;
				ASSETCATALOG_COMPILER_GLOBAL_ACCENT_COLOR_NAME = AccentColor;
				CODE_SIGN_STYLE = Automatic;
				DEVELOPMENT_TEAM = WV4T2LN4GH;
				INFOPLIST_FILE = "Hit me/Info.plist";
				IPHONEOS_DEPLOYMENT_TARGET = 14.1;
				LD_RUNPATH_SEARCH_PATHS = (
					"$(inherited)",
					"@executable_path/Frameworks",
				);
				PRODUCT_BUNDLE_IDENTIFIER = "com.anepodymka.Hit-me";
				PRODUCT_NAME = "$(TARGET_NAME)";
				SWIFT_VERSION = 5.0;
				TARGETED_DEVICE_FAMILY = "1,2";
			};
			name = Debug;
		};
		CCDE22D02695395A00A57E0A /* Release */ = {
			isa = XCBuildConfiguration;
			buildSettings = {
				ASSETCATALOG_COMPILER_APPICON_NAME = AppIcon;
				ASSETCATALOG_COMPILER_GLOBAL_ACCENT_COLOR_NAME = AccentColor;
				CODE_SIGN_STYLE = Automatic;
				DEVELOPMENT_TEAM = WV4T2LN4GH;
				INFOPLIST_FILE = "Hit me/Info.plist";
				IPHONEOS_DEPLOYMENT_TARGET = 14.1;
				LD_RUNPATH_SEARCH_PATHS = (
					"$(inherited)",
					"@executable_path/Frameworks",
				);
				PRODUCT_BUNDLE_IDENTIFIER = "com.anepodymka.Hit-me";
				PRODUCT_NAME = "$(TARGET_NAME)";
				SWIFT_VERSION = 5.0;
				TARGETED_DEVICE_FAMILY = "1,2";
			};
			name = Release;
		};
/* End XCBuildConfiguration section */

/* Begin XCConfigurationList section */
		CCDE22B52695395800A57E0A /* Build configuration list for PBXProject "Hit me" */ = {
			isa = XCConfigurationList;
			buildConfigurations = (
				CCDE22CC2695395A00A57E0A /* Debug */,
				CCDE22CD2695395A00A57E0A /* Release */,
			);
			defaultConfigurationIsVisible = 0;
			defaultConfigurationName = Release;
		};
		CCDE22CE2695395A00A57E0A /* Build configuration list for PBXNativeTarget "Hit me" */ = {
			isa = XCConfigurationList;
			buildConfigurations = (
				CCDE22CF2695395A00A57E0A /* Debug */,
				CCDE22D02695395A00A57E0A /* Release */,
			);
			defaultConfigurationIsVisible = 0;
			defaultConfigurationName = Release;
		};
/* End XCConfigurationList section */
	};
	rootObject = CCDE22B22695395800A57E0A /* Project object */;
}
